
Microsoft Visual Studio Solution File, Format Version 12.00
# Visual Studio 14
VisualStudioVersion = 14.0.25420.1
MinimumVisualStudioVersion = 10.0.40219.1
Project("{FAE04EC0-301F-11D3-BF4B-00C04F79EFBC}") = "CodedUIPageObjects", "CodedUIPageObjects\CodedUIPageObjects.csproj", "{CE79A8B9-75B5-4C78-A0B8-7D75138A5425}"
EndProject
Project("{FAE04EC0-301F-11D3-BF4B-00C04F79EFBC}") = "CodedUIPageObjects.UITests", "CodedUIPageObjects.UITests\CodedUIPageObjects.UITests.csproj", "{C6B750C9-AA82-452C-8AA6-1E4A2D4471DC}"
EndProject
Global
	GlobalSection(SolutionConfigurationPlatforms) = preSolution
		Debug|Any CPU = Debug|Any CPU
		Release|Any CPU = Release|Any CPU
	EndGlobalSection
	GlobalSection(ProjectConfigurationPlatforms) = postSolution
		{CE79A8B9-75B5-4C78-A0B8-7D75138A5425}.Debug|Any CPU.ActiveCfg = Debug|Any CPU
		{CE79A8B9-75B5-4C78-A0B8-7D75138A5425}.Debug|Any CPU.Build.0 = Debug|Any CPU
		{CE79A8B9-75B5-4C78-A0B8-7D75138A5425}.Release|Any CPU.ActiveCfg = Release|Any CPU
		{CE79A8B9-75B5-4C78-A0B8-7D75138A5425}.Release|Any CPU.Build.0 = Release|Any CPU
		{C6B750C9-AA82-452C-8AA6-1E4A2D4471DC}.Debug|Any CPU.ActiveCfg = Debug|Any CPU
		{C6B750C9-AA82-452C-8AA6-1E4A2D4471DC}.Debug|Any CPU.Build.0 = Debug|Any CPU
		{C6B750C9-AA82-452C-8AA6-1E4A2D4471DC}.Release|Any CPU.ActiveCfg = Release|Any CPU
		{C6B750C9-AA82-452C-8AA6-1E4A2D4471DC}.Release|Any CPU.Build.0 = Release|Any CPU
	EndGlobalSection
	GlobalSection(SolutionProperties) = preSolution
		HideSolutionNode = FALSE
	EndGlobalSection
EndGlobal
